<?xml version="1.0" encoding="UTF-8" standalone="yes" ?>
<CodeBlocks_project_file>
	<FileVersion major="1" minor="6" />
	<Project>
		<Option title="unidad2" />
		<Option pch_mode="2" />
		<Option compiler="bcc" />
		<Build>
			<Target title="default">
				<Option output="unidad2" prefix_auto="1" extension_auto="1" />
				<Option type="1" />
				<Option compiler="bcc" />
			</Target>
		</Build>
		<Unit filename="arboles.cpp" />
		<Unit filename="arboles.h" />
		<Unit filename="lista.cpp" />
		<Unit filename="lista.h" />
		<Unit filename="nodo_cubeta.cpp" />
		<Unit filename="nodo_cubeta.h" />
		<Unit filename="nodo_lista.cpp" />
		<Unit filename="nodo_lista.h" />
		<Unit filename="unidad2.cpp" />
		<Extensions />
	</Project>
</CodeBlocks_project_file>
